
Microsoft Visual Studio Solution File, Format Version 12.00
# Visual Studio Version 17
VisualStudioVersion = 17.1.32319.34
MinimumVisualStudioVersion = 10.0.40219.1
Project("{FAE04EC0-301F-11D3-BF4B-00C04F79EFBC}") = "ProjetoFinal", "ProjetoFinal\ProjetoFinal.csproj", "{FB749164-CE3C-4180-9D56-AA8E6415603A}"
EndProject
Global
	GlobalSection(SolutionConfigurationPlatforms) = preSolution
		Debug|Any CPU = Debug|Any CPU
		Release|Any CPU = Release|Any CPU
	EndGlobalSection
	GlobalSection(ProjectConfigurationPlatforms) = postSolution
		{FB749164-CE3C-4180-9D56-AA8E6415603A}.Debug|Any CPU.ActiveCfg = Debug|Any CPU
		{FB749164-CE3C-4180-9D56-AA8E6415603A}.Debug|Any CPU.Build.0 = Debug|Any CPU
		{FB749164-CE3C-4180-9D56-AA8E6415603A}.Release|Any CPU.ActiveCfg = Release|Any CPU
		{FB749164-CE3C-4180-9D56-AA8E6415603A}.Release|Any CPU.Build.0 = Release|Any CPU
	EndGlobalSection
	GlobalSection(SolutionProperties) = preSolution
		HideSolutionNode = FALSE
	EndGlobalSection
	GlobalSection(ExtensibilityGlobals) = postSolution
		SolutionGuid = {48DB3060-7A3A-4ADF-BDA2-101404A6F22E}
	EndGlobalSection
EndGlobal
